<?xml version="1.0" encoding="utf-8"?>
<Project ToolsVersion="4.0" xmlns="http://schemas.microsoft.com/developer/msbuild/2003">
  <ItemGroup>
    <Filter Include="Файлы исходного кода">
      <UniqueIdentifier>{4FC737F1-C7A5-4376-A066-2A32D752A2FF}</UniqueIdentifier>
      <Extensions>cpp;c;cc;cxx;def;odl;idl;hpj;bat;asm;asmx</Extensions>
    </Filter>
    <Filter Include="Заголовочные файлы">
      <UniqueIdentifier>{93995380-89BD-4b04-88EB-625FBE52EBFB}</UniqueIdentifier>
      <Extensions>h;hh;hpp;hxx;hm;inl;inc;xsd</Extensions>
    </Filter>
    <Filter Include="Файлы ресурсов">
      <UniqueIdentifier>{67DA6AB6-F800-4c08-8B7A-83BB121AAD01}</UniqueIdentifier>
      <Extensions>rc;ico;cur;bmp;dlg;rc2;rct;bin;rgs;gif;jpg;jpeg;jpe;resx;tiff;tif;png;wav;mfcribbon-ms</Extensions>
    </Filter>
    <Filter Include="Windows">
      <UniqueIdentifier>{d9e60c21-4eba-4994-883c-41f6434c0bae}</UniqueIdentifier>
    </Filter>
    <Filter Include="Dialogs">
      <UniqueIdentifier>{4e75971a-4ad7-450d-8547-447756b075e4}</UniqueIdentifier>
    </Filter>
    <Filter Include="Self-Learning">
      <UniqueIdentifier>{8289151f-7bcc-4985-84a3-c48705c35bb0}</UniqueIdentifier>
    </Filter>
  </ItemGroup>
  <ItemGroup>
    <Text Include="ReadMe.txt" />
  </ItemGroup>
  <ItemGroup>
    <ClInclude Include="stdafx.h">
      <Filter>Заголовочные файлы</Filter>
    </ClInclude>
    <ClInclude Include="targetver.h">
      <Filter>Заголовочные файлы</Filter>
    </ClInclude>
    <ClInclude Include="Resource.h">
      <Filter>Заголовочные файлы</Filter>
    </ClInclude>
    <ClInclude Include="MiAPR_SelfLearning.h">
      <Filter>Заголовочные файлы</Filter>
    </ClInclude>
    <ClInclude Include="Window.h">
      <Filter>Windows</Filter>
    </ClInclude>
    <ClInclude Include="MainWindow.h">
      <Filter>Windows</Filter>
    </ClInclude>
    <ClInclude Include="WindowManager.h">
      <Filter>Windows</Filter>
    </ClInclude>
    <ClInclude Include="Dialog.h">
      <Filter>Dialogs</Filter>
    </ClInclude>
    <ClInclude Include="DialogManager.h">
      <Filter>Dialogs</Filter>
    </ClInclude>
    <ClInclude Include="AboutDialog.h">
      <Filter>Dialogs</Filter>
    </ClInclude>
    <ClInclude Include="ImageVector.h">
      <Filter>Self-Learning</Filter>
    </ClInclude>
    <ClInclude Include="ImageVectorsRegion.h">
      <Filter>Self-Learning</Filter>
    </ClInclude>
    <ClInclude Include="SelfLearningLogic.h">
      <Filter>Self-Learning</Filter>
    </ClInclude>
    <ClInclude Include="DrawingLogic.h">
      <Filter>Заголовочные файлы</Filter>
    </ClInclude>
  </ItemGroup>
  <ItemGroup>
    <ClCompile Include="stdafx.cpp">
      <Filter>Файлы исходного кода</Filter>
    </ClCompile>
    <ClCompile Include="MiAPR_SelfLearning.cpp">
      <Filter>Файлы исходного кода</Filter>
    </ClCompile>
    <ClCompile Include="Window.cpp">
      <Filter>Windows</Filter>
    </ClCompile>
    <ClCompile Include="MainWindow.cpp">
      <Filter>Windows</Filter>
    </ClCompile>
    <ClCompile Include="WindowManager.cpp">
      <Filter>Windows</Filter>
    </ClCompile>
    <ClCompile Include="Dialog.cpp">
      <Filter>Dialogs</Filter>
    </ClCompile>
    <ClCompile Include="DialogManager.cpp">
      <Filter>Dialogs</Filter>
    </ClCompile>
    <ClCompile Include="AboutDialog.cpp">
      <Filter>Dialogs</Filter>
    </ClCompile>
    <ClCompile Include="ImageVector.cpp">
      <Filter>Self-Learning</Filter>
    </ClCompile>
    <ClCompile Include="ImageVectorsRegion.cpp">
      <Filter>Self-Learning</Filter>
    </ClCompile>
    <ClCompile Include="SelfLearningLogic.cpp">
      <Filter>Self-Learning</Filter>
    </ClCompile>
    <ClCompile Include="DrawingLogic.cpp">
      <Filter>Файлы исходного кода</Filter>
    </ClCompile>
  </ItemGroup>
  <ItemGroup>
    <ResourceCompile Include="MiAPR_SelfLearning.rc">
      <Filter>Файлы ресурсов</Filter>
    </ResourceCompile>
  </ItemGroup>
  <ItemGroup>
    <Image Include="small.ico">
      <Filter>Файлы ресурсов</Filter>
    </Image>
    <Image Include="MiAPR_SelfLearning.ico">
      <Filter>Файлы ресурсов</Filter>
    </Image>
  </ItemGroup>
</Project>